// !$*UTF8*$!
{
	archiveVersion = 1;
	classes = {
	};
	objectVersion = 70;
	objects = {

/* Begin PBXBuildFile section */
		311B45C72F2EF47C00F40E3C /* RxTest in Frameworks */ = {isa = PBXBuildFile; productRef = 311B45C62F2EF47C00F40E3C /* RxTest */; };
		316CC4D02982ACE800FF8DF2 /* AppDelegate.swift in Sources */ = {isa = PBXBuildFile; fileRef = 316CC4CF2982ACE800FF8DF2 /* AppDelegate.swift */; };
		316CC4D22982ACE800FF8DF2 /* SceneDelegate.swift in Sources */ = {isa = PBXBuildFile; fileRef = 316CC4D12982ACE800FF8DF2 /* SceneDelegate.swift */; };
		316CC4D42982ACE800FF8DF2 /* ViewController.swift in Sources */ = {isa = PBXBuildFile; fileRef = 316CC4D32982ACE800FF8DF2 /* ViewController.swift */; };
		316CC4D72982ACE800FF8DF2 /* Main.storyboard in Resources */ = {isa = PBXBuildFile; fileRef = 316CC4D52982ACE800FF8DF2 /* Main.storyboard */; };
		316CC4D92982ACEA00FF8DF2 /* Assets.xcassets in Resources */ = {isa = PBXBuildFile; fileRef = 316CC4D82982ACEA00FF8DF2 /* Assets.xcassets */; };
		316CC4DC2982ACEA00FF8DF2 /* LaunchScreen.storyboard in Resources */ = {isa = PBXBuildFile; fileRef = 316CC4DA2982ACEA00FF8DF2 /* LaunchScreen.storyboard */; };
		316CC4E92982B30100FF8DF2 /* CategoryList.swift in Sources */ = {isa = PBXBuildFile; fileRef = 316CC4E62982B30000FF8DF2 /* CategoryList.swift */; };
		316CC4EA2982B30100FF8DF2 /* Category.swift in Sources */ = {isa = PBXBuildFile; fileRef = 316CC4E72982B30000FF8DF2 /* Category.swift */; };
		316CC4EB2982B30100FF8DF2 /* CategoryListItem.swift in Sources */ = {isa = PBXBuildFile; fileRef = 316CC4E82982B30000FF8DF2 /* CategoryListItem.swift */; };
		316CC4EE2982B45200FF8DF2 /* FirebaseCommon.swift in Sources */ = {isa = PBXBuildFile; fileRef = 316CC4ED2982B45200FF8DF2 /* FirebaseCommon.swift */; };
		316CC4F72982BD4B00FF8DF2 /* SharedSequence.swift in Sources */ = {isa = PBXBuildFile; fileRef = 316CC4F02982BD4B00FF8DF2 /* SharedSequence.swift */; };
		316CC4FD2982BD4B00FF8DF2 /* ObservableConvertibleType.swift in Sources */ = {isa = PBXBuildFile; fileRef = 316CC4F62982BD4B00FF8DF2 /* ObservableConvertibleType.swift */; };
		31A6F1522F2F517000AADF0F /* GoogleService-Info.plist in Resources */ = {isa = PBXBuildFile; fileRef = 31A6F1512F2F517000AADF0F /* GoogleService-Info.plist */; };
		31D4D9292F24FFE700267C28 /* NSObject-Rx in Frameworks */ = {isa = PBXBuildFile; productRef = 31D4D9282F24FFE700267C28 /* NSObject-Rx */; };
		31D4D9EE2F2500FA00267C28 /* FirebaseCore in Frameworks */ = {isa = PBXBuildFile; productRef = 31D4D9ED2F2500FA00267C28 /* FirebaseCore */; };
		31D4D9F02F2500FE00267C28 /* FirebaseFirestore in Frameworks */ = {isa = PBXBuildFile; productRef = 31D4D9EF2F2500FE00267C28 /* FirebaseFirestore */; };
		31D4D9F22F25010E00267C28 /* RxCocoa in Frameworks */ = {isa = PBXBuildFile; productRef = 31D4D9F12F25010E00267C28 /* RxCocoa */; };
		31D4D9F42F2501A600267C28 /* FireBase.swift in Sources */ = {isa = PBXBuildFile; fileRef = 31D4D9F32F2501A500267C28 /* FireBase.swift */; };
/* End PBXBuildFile section */

/* Begin PBXContainerItemProxy section */
		311B45972F2EF27D00F40E3C /* PBXContainerItemProxy */ = {
			isa = PBXContainerItemProxy;
			containerPortal = 316CC4C42982ACE800FF8DF2 /* Project object */;
			proxyType = 1;
			remoteGlobalIDString = 316CC4CB2982ACE800FF8DF2;
			remoteInfo = FireStore_Rx_Example;
		};
/* End PBXContainerItemProxy section */

/* Begin PBXFileReference section */
		311B45932F2EF27D00F40E3C /* FireStore_Rx_ExampleTests.xctest */ = {isa = PBXFileReference; explicitFileType = wrapper.cfbundle; includeInIndex = 0; path = FireStore_Rx_ExampleTests.xctest; sourceTree = BUILT_PRODUCTS_DIR; };
		316CC4CC2982ACE800FF8DF2 /* FireStore_Rx_Example.app */ = {isa = PBXFileReference; explicitFileType = wrapper.application; includeInIndex = 0; path = FireStore_Rx_Example.app; sourceTree = BUILT_PRODUCTS_DIR; };
		316CC4CF2982ACE800FF8DF2 /* AppDelegate.swift */ = {isa = PBXFileReference; lastKnownFileType = sourcecode.swift; path = AppDelegate.swift; sourceTree = "<group>"; };
		316CC4D12982ACE800FF8DF2 /* SceneDelegate.swift */ = {isa = PBXFileReference; lastKnownFileType = sourcecode.swift; path = SceneDelegate.swift; sourceTree = "<group>"; };
		316CC4D32982ACE800FF8DF2 /* ViewController.swift */ = {isa = PBXFileReference; lastKnownFileType = sourcecode.swift; path = ViewController.swift; sourceTree = "<group>"; };
		316CC4D62982ACE800FF8DF2 /* Base */ = {isa = PBXFileReference; lastKnownFileType = file.storyboard; name = Base; path = Base.lproj/Main.storyboard; sourceTree = "<group>"; };
		316CC4D82982ACEA00FF8DF2 /* Assets.xcassets */ = {isa = PBXFileReference; lastKnownFileType = folder.assetcatalog; path = Assets.xcassets; sourceTree = "<group>"; };
		316CC4DB2982ACEA00FF8DF2 /* Base */ = {isa = PBXFileReference; lastKnownFileType = file.storyboard; name = Base; path = Base.lproj/LaunchScreen.storyboard; sourceTree = "<group>"; };
		316CC4DD2982ACEA00FF8DF2 /* Info.plist */ = {isa = PBXFileReference; lastKnownFileType = text.plist.xml; path = Info.plist; sourceTree = "<group>"; };
		316CC4E62982B30000FF8DF2 /* CategoryList.swift */ = {isa = PBXFileReference; fileEncoding = 4; lastKnownFileType = sourcecode.swift; path = CategoryList.swift; sourceTree = "<group>"; };
		316CC4E72982B30000FF8DF2 /* Category.swift */ = {isa = PBXFileReference; fileEncoding = 4; lastKnownFileType = sourcecode.swift; path = Category.swift; sourceTree = "<group>"; };
		316CC4E82982B30000FF8DF2 /* CategoryListItem.swift */ = {isa = PBXFileReference; fileEncoding = 4; lastKnownFileType = sourcecode.swift; path = CategoryListItem.swift; sourceTree = "<group>"; };
		316CC4ED2982B45200FF8DF2 /* FirebaseCommon.swift */ = {isa = PBXFileReference; fileEncoding = 4; lastKnownFileType = sourcecode.swift; path = FirebaseCommon.swift; sourceTree = "<group>"; };
		316CC4F02982BD4B00FF8DF2 /* SharedSequence.swift */ = {isa = PBXFileReference; fileEncoding = 4; lastKnownFileType = sourcecode.swift; path = SharedSequence.swift; sourceTree = "<group>"; };
		316CC4F62982BD4B00FF8DF2 /* ObservableConvertibleType.swift */ = {isa = PBXFileReference; fileEncoding = 4; lastKnownFileType = sourcecode.swift; path = ObservableConvertibleType.swift; sourceTree = "<group>"; };
		31A6F1512F2F517000AADF0F /* GoogleService-Info.plist */ = {isa = PBXFileReference; lastKnownFileType = text.plist.xml; path = "GoogleService-Info.plist"; sourceTree = "<group>"; };
		31D4D9F32F2501A500267C28 /* FireBase.swift */ = {isa = PBXFileReference; lastKnownFileType = sourcecode.swift; path = FireBase.swift; sourceTree = "<group>"; };
/* End PBXFileReference section */

/* Begin PBXFileSystemSynchronizedRootGroup section */
		311B45862F2EF17900F40E3C /* Repository */ = {isa = PBXFileSystemSynchronizedRootGroup; explicitFileTypes = {}; explicitFolders = (); path = Repository; sourceTree = "<group>"; };
		311B458A2F2EF1FA00F40E3C /* ViewModel */ = {isa = PBXFileSystemSynchronizedRootGroup; explicitFileTypes = {}; explicitFolders = (); path = ViewModel; sourceTree = "<group>"; };
		311B45942F2EF27D00F40E3C /* FireStore_Rx_ExampleTests */ = {isa = PBXFileSystemSynchronizedRootGroup; explicitFileTypes = {}; explicitFolders = (); path = FireStore_Rx_ExampleTests; sourceTree = "<group>"; };
/* End PBXFileSystemSynchronizedRootGroup section */

/* Begin PBXFrameworksBuildPhase section */
		311B45902F2EF27D00F40E3C /* Frameworks */ = {
			isa = PBXFrameworksBuildPhase;
			buildActionMask = 2147483647;
			files = (
				311B45C72F2EF47C00F40E3C /* RxTest in Frameworks */,
			);
			runOnlyForDeploymentPostprocessing = 0;
		};
		316CC4C92982ACE800FF8DF2 /* Frameworks */ = {
			isa = PBXFrameworksBuildPhase;
			buildActionMask = 2147483647;
			files = (
				31D4D9EE2F2500FA00267C28 /* FirebaseCore in Frameworks */,
				31D4D9292F24FFE700267C28 /* NSObject-Rx in Frameworks */,
				31D4D9F22F25010E00267C28 /* RxCocoa in Frameworks */,
				31D4D9F02F2500FE00267C28 /* FirebaseFirestore in Frameworks */,
			);
			runOnlyForDeploymentPostprocessing = 0;
		};
/* End PBXFrameworksBuildPhase section */

/* Begin PBXGroup section */
		316CC4C32982ACE800FF8DF2 = {
			isa = PBXGroup;
			children = (
				316CC4CE2982ACE800FF8DF2 /* FireStore_Rx_Example */,
				311B45942F2EF27D00F40E3C /* FireStore_Rx_ExampleTests */,
				31D4D9EC2F2500FA00267C28 /* Frameworks */,
				316CC4CD2982ACE800FF8DF2 /* Products */,
			);
			sourceTree = "<group>";
		};
		316CC4CD2982ACE800FF8DF2 /* Products */ = {
			isa = PBXGroup;
			children = (
				316CC4CC2982ACE800FF8DF2 /* FireStore_Rx_Example.app */,
				311B45932F2EF27D00F40E3C /* FireStore_Rx_ExampleTests.xctest */,
			);
			name = Products;
			sourceTree = "<group>";
		};
		316CC4CE2982ACE800FF8DF2 /* FireStore_Rx_Example */ = {
			isa = PBXGroup;
			children = (
				31A6F1512F2F517000AADF0F /* GoogleService-Info.plist */,
				311B458A2F2EF1FA00F40E3C /* ViewModel */,
				311B45862F2EF17900F40E3C /* Repository */,
				316CC4EC2982B45200FF8DF2 /* Common */,
				316CC4E52982B30000FF8DF2 /* Models */,
				316CC4EF2982BD4B00FF8DF2 /* Extensions */,
				316CC4CF2982ACE800FF8DF2 /* AppDelegate.swift */,
				316CC4D12982ACE800FF8DF2 /* SceneDelegate.swift */,
				316CC4D32982ACE800FF8DF2 /* ViewController.swift */,
				316CC4D52982ACE800FF8DF2 /* Main.storyboard */,
				316CC4D82982ACEA00FF8DF2 /* Assets.xcassets */,
				316CC4DA2982ACEA00FF8DF2 /* LaunchScreen.storyboard */,
				316CC4DD2982ACEA00FF8DF2 /* Info.plist */,
			);
			path = FireStore_Rx_Example;
			sourceTree = "<group>";
		};
		316CC4E52982B30000FF8DF2 /* Models */ = {
			isa = PBXGroup;
			children = (
				316CC4E62982B30000FF8DF2 /* CategoryList.swift */,
				316CC4E72982B30000FF8DF2 /* Category.swift */,
				316CC4E82982B30000FF8DF2 /* CategoryListItem.swift */,
			);
			path = Models;
			sourceTree = "<group>";
		};
		316CC4EC2982B45200FF8DF2 /* Common */ = {
			isa = PBXGroup;
			children = (
				316CC4ED2982B45200FF8DF2 /* FirebaseCommon.swift */,
			);
			path = Common;
			sourceTree = "<group>";
		};
		316CC4EF2982BD4B00FF8DF2 /* Extensions */ = {
			isa = PBXGroup;
			children = (
				31D4D9F32F2501A500267C28 /* FireBase.swift */,
				316CC4F02982BD4B00FF8DF2 /* SharedSequence.swift */,
				316CC4F62982BD4B00FF8DF2 /* ObservableConvertibleType.swift */,
			);
			path = Extensions;
			sourceTree = "<group>";
		};
		31D4D9EC2F2500FA00267C28 /* Frameworks */ = {
			isa = PBXGroup;
			children = (
			);
			name = Frameworks;
			sourceTree = "<group>";
		};
/* End PBXGroup section */

/* Begin PBXNativeTarget section */
		311B45922F2EF27D00F40E3C /* FireStore_Rx_ExampleTests */ = {
			isa = PBXNativeTarget;
			buildConfigurationList = 311B45992F2EF27D00F40E3C /* Build configuration list for PBXNativeTarget "FireStore_Rx_ExampleTests" */;
			buildPhases = (
				311B458F2F2EF27D00F40E3C /* Sources */,
				311B45902F2EF27D00F40E3C /* Frameworks */,
				311B45912F2EF27D00F40E3C /* Resources */,
			);
			buildRules = (
			);
			dependencies = (
				311B45982F2EF27D00F40E3C /* PBXTargetDependency */,
			);
			fileSystemSynchronizedGroups = (
				311B45942F2EF27D00F40E3C /* FireStore_Rx_ExampleTests */,
			);
			name = FireStore_Rx_ExampleTests;
			packageProductDependencies = (
				311B45C62F2EF47C00F40E3C /* RxTest */,
			);
			productName = FireStore_Rx_ExampleTests;
			productReference = 311B45932F2EF27D00F40E3C /* FireStore_Rx_ExampleTests.xctest */;
			productType = "com.apple.product-type.bundle.unit-test";
		};
		316CC4CB2982ACE800FF8DF2 /* FireStore_Rx_Example */ = {
			isa = PBXNativeTarget;
			buildConfigurationList = 316CC4E02982ACEA00FF8DF2 /* Build configuration list for PBXNativeTarget "FireStore_Rx_Example" */;
			buildPhases = (
				316CC4C82982ACE800FF8DF2 /* Sources */,
				316CC4C92982ACE800FF8DF2 /* Frameworks */,
				316CC4CA2982ACE800FF8DF2 /* Resources */,
			);
			buildRules = (
			);
			dependencies = (
			);
			fileSystemSynchronizedGroups = (
				311B45862F2EF17900F40E3C /* Repository */,
				311B458A2F2EF1FA00F40E3C /* ViewModel */,
			);
			name = FireStore_Rx_Example;
			productName = FireStore_Rx_Example;
			productReference = 316CC4CC2982ACE800FF8DF2 /* FireStore_Rx_Example.app */;
			productType = "com.apple.product-type.application";
		};
/* End PBXNativeTarget section */

/* Begin PBXProject section */
		316CC4C42982ACE800FF8DF2 /* Project object */ = {
			isa = PBXProject;
			attributes = {
				BuildIndependentTargetsInParallel = 1;
				LastSwiftUpdateCheck = 2620;
				LastUpgradeCheck = 1420;
				TargetAttributes = {
					311B45922F2EF27D00F40E3C = {
						CreatedOnToolsVersion = 26.2;
						TestTargetID = 316CC4CB2982ACE800FF8DF2;
					};
					316CC4CB2982ACE800FF8DF2 = {
						CreatedOnToolsVersion = 14.2;
					};
				};
			};
			buildConfigurationList = 316CC4C72982ACE800FF8DF2 /* Build configuration list for PBXProject "FireStore_Rx_Example" */;
			compatibilityVersion = "Xcode 14.0";
			developmentRegion = en;
			hasScannedForEncodings = 0;
			knownRegions = (
				en,
				Base,
			);
			mainGroup = 316CC4C32982ACE800FF8DF2;
			packageReferences = (
				31D4D9262F24FFDC00267C28 /* XCRemoteSwiftPackageReference "firebase-ios-sdk" */,
				31D4D9272F24FFE700267C28 /* XCRemoteSwiftPackageReference "NSObject-Rx" */,
				31D4D92A2F24FFF200267C28 /* XCRemoteSwiftPackageReference "RxSwift" */,
			);
			productRefGroup = 316CC4CD2982ACE800FF8DF2 /* Products */;
			projectDirPath = "";
			projectRoot = "";
			targets = (
				316CC4CB2982ACE800FF8DF2 /* FireStore_Rx_Example */,
				311B45922F2EF27D00F40E3C /* FireStore_Rx_ExampleTests */,
			);
		};
/* End PBXProject section */

/* Begin PBXResourcesBuildPhase section */
		311B45912F2EF27D00F40E3C /* Resources */ = {
			isa = PBXResourcesBuildPhase;
			buildActionMask = 2147483647;
			files = (
			);
			runOnlyForDeploymentPostprocessing = 0;
		};
		316CC4CA2982ACE800FF8DF2 /* Resources */ = {
			isa = PBXResourcesBuildPhase;
			buildActionMask = 2147483647;
			files = (
				316CC4DC2982ACEA00FF8DF2 /* LaunchScreen.storyboard in Resources */,
				31A6F1522F2F517000AADF0F /* GoogleService-Info.plist in Resources */,
				316CC4D92982ACEA00FF8DF2 /* Assets.xcassets in Resources */,
				316CC4D72982ACE800FF8DF2 /* Main.storyboard in Resources */,
			);
			runOnlyForDeploymentPostprocessing = 0;
		};
/* End PBXResourcesBuildPhase section */

/* Begin PBXSourcesBuildPhase section */
		311B458F2F2EF27D00F40E3C /* Sources */ = {
			isa = PBXSourcesBuildPhase;
			buildActionMask = 2147483647;
			files = (
			);
			runOnlyForDeploymentPostprocessing = 0;
		};
		316CC4C82982ACE800FF8DF2 /* Sources */ = {
			isa = PBXSourcesBuildPhase;
			buildActionMask = 2147483647;
			files = (
				316CC4EB2982B30100FF8DF2 /* CategoryListItem.swift in Sources */,
				316CC4D42982ACE800FF8DF2 /* ViewController.swift in Sources */,
				31D4D9F42F2501A600267C28 /* FireBase.swift in Sources */,
				316CC4EA2982B30100FF8DF2 /* Category.swift in Sources */,
				316CC4D02982ACE800FF8DF2 /* AppDelegate.swift in Sources */,
				316CC4EE2982B45200FF8DF2 /* FirebaseCommon.swift in Sources */,
				316CC4FD2982BD4B00FF8DF2 /* ObservableConvertibleType.swift in Sources */,
				316CC4D22982ACE800FF8DF2 /* SceneDelegate.swift in Sources */,
				316CC4E92982B30100FF8DF2 /* CategoryList.swift in Sources */,
				316CC4F72982BD4B00FF8DF2 /* SharedSequence.swift in Sources */,
			);
			runOnlyForDeploymentPostprocessing = 0;
		};
/* End PBXSourcesBuildPhase section */

/* Begin PBXTargetDependency section */
		311B45982F2EF27D00F40E3C /* PBXTargetDependency */ = {
			isa = PBXTargetDependency;
			target = 316CC4CB2982ACE800FF8DF2 /* FireStore_Rx_Example */;
			targetProxy = 311B45972F2EF27D00F40E3C /* PBXContainerItemProxy */;
		};
/* End PBXTargetDependency section */

/* Begin PBXVariantGroup section */
		316CC4D52982ACE800FF8DF2 /* Main.storyboard */ = {
			isa = PBXVariantGroup;
			children = (
				316CC4D62982ACE800FF8DF2 /* Base */,
			);
			name = Main.storyboard;
			sourceTree = "<group>";
		};
		316CC4DA2982ACEA00FF8DF2 /* LaunchScreen.storyboard */ = {
			isa = PBXVariantGroup;
			children = (
				316CC4DB2982ACEA00FF8DF2 /* Base */,
			);
			name = LaunchScreen.storyboard;
			sourceTree = "<group>";
		};
/* End PBXVariantGroup section */

/* Begin XCBuildConfiguration section */
		311B459A2F2EF27D00F40E3C /* Debug */ = {
			isa = XCBuildConfiguration;
			buildSettings = {
				ASSETCATALOG_COMPILER_GENERATE_SWIFT_ASSET_SYMBOL_EXTENSIONS = YES;
				BUNDLE_LOADER = "$(TEST_HOST)";
				CODE_SIGN_STYLE = Automatic;
				CURRENT_PROJECT_VERSION = 1;
				ENABLE_USER_SCRIPT_SANDBOXING = YES;
				GCC_C_LANGUAGE_STANDARD = gnu17;
				GENERATE_INFOPLIST_FILE = YES;
				IPHONEOS_DEPLOYMENT_TARGET = 18.6;
				LOCALIZATION_PREFERS_STRING_CATALOGS = YES;
				MARKETING_VERSION = 1.0;
				PRODUCT_BUNDLE_IDENTIFIER = "net.deskplate.FireStore-Rx-ExampleTests";
				PRODUCT_NAME = "$(TARGET_NAME)";
				STRING_CATALOG_GENERATE_SYMBOLS = NO;
				SWIFT_ACTIVE_COMPILATION_CONDITIONS = "DEBUG $(inherited)";
				SWIFT_APPROACHABLE_CONCURRENCY = YES;
				SWIFT_EMIT_LOC_STRINGS = NO;
				SWIFT_UPCOMING_FEATURE_MEMBER_IMPORT_VISIBILITY = YES;
				SWIFT_VERSION = 5.0;
				TARGETED_DEVICE_FAMILY = "1,2";
				TEST_HOST = "$(BUILT_PRODUCTS_DIR)/FireStore_Rx_Example.app/$(BUNDLE_EXECUTABLE_FOLDER_PATH)/FireStore_Rx_Example";
			};
			name = Debug;
		};
		311B459B2F2EF27D00F40E3C /* Release */ = {
			isa = XCBuildConfiguration;
			buildSettings = {
				ASSETCATALOG_COMPILER_GENERATE_SWIFT_ASSET_SYMBOL_EXTENSIONS = YES;
				BUNDLE_LOADER = "$(TEST_HOST)";
				CODE_SIGN_STYLE = Automatic;
				CURRENT_PROJECT_VERSION = 1;
				ENABLE_USER_SCRIPT_SANDBOXING = YES;
				GCC_C_LANGUAGE_STANDARD = gnu17;
				GENERATE_INFOPLIST_FILE = YES;
				IPHONEOS_DEPLOYMENT_TARGET = 18.6;
				LOCALIZATION_PREFERS_STRING_CATALOGS = YES;
				MARKETING_VERSION = 1.0;
				PRODUCT_BUNDLE_IDENTIFIER = "net.deskplate.FireStore-Rx-ExampleTests";
				PRODUCT_NAME = "$(TARGET_NAME)";
				STRING_CATALOG_GENERATE_SYMBOLS = NO;
				SWIFT_APPROACHABLE_CONCURRENCY = YES;
				SWIFT_EMIT_LOC_STRINGS = NO;
				SWIFT_UPCOMING_FEATURE_MEMBER_IMPORT_VISIBILITY = YES;
				SWIFT_VERSION = 5.0;
				TARGETED_DEVICE_FAMILY = "1,2";
				TEST_HOST = "$(BUILT_PRODUCTS_DIR)/FireStore_Rx_Example.app/$(BUNDLE_EXECUTABLE_FOLDER_PATH)/FireStore_Rx_Example";
			};
			name = Release;
		};
		316CC4DE2982ACEA00FF8DF2 /* Debug */ = {
			isa = XCBuildConfiguration;
			buildSettings = {
				ALWAYS_SEARCH_USER_PATHS = NO;
				CLANG_ANALYZER_NONNULL = YES;
				CLANG_ANALYZER_NUMBER_OBJECT_CONVERSION = YES_AGGRESSIVE;
				CLANG_CXX_LANGUAGE_STANDARD = "gnu++20";
				CLANG_ENABLE_MODULES = YES;
				CLANG_ENABLE_OBJC_ARC = YES;
				CLANG_ENABLE_OBJC_WEAK = YES;
				CLANG_WARN_BLOCK_CAPTURE_AUTORELEASING = YES;
				CLANG_WARN_BOOL_CONVERSION = YES;
				CLANG_WARN_COMMA = YES;
				CLANG_WARN_CONSTANT_CONVERSION = YES;
				CLANG_WARN_DEPRECATED_OBJC_IMPLEMENTATIONS = YES;
				CLANG_WARN_DIRECT_OBJC_ISA_USAGE = YES_ERROR;
				CLANG_WARN_DOCUMENTATION_COMMENTS = YES;
				CLANG_WARN_EMPTY_BODY = YES;
				CLANG_WARN_ENUM_CONVERSION = YES;
				CLANG_WARN_INFINITE_RECURSION = YES;
				CLANG_WARN_INT_CONVERSION = YES;
				CLANG_WARN_NON_LITERAL_NULL_CONVERSION = YES;
				CLANG_WARN_OBJC_IMPLICIT_RETAIN_SELF = YES;
				CLANG_WARN_OBJC_LITERAL_CONVERSION = YES;
				CLANG_WARN_OBJC_ROOT_CLASS = YES_ERROR;
				CLANG_WARN_QUOTED_INCLUDE_IN_FRAMEWORK_HEADER = YES;
				CLANG_WARN_RANGE_LOOP_ANALYSIS = YES;
				CLANG_WARN_STRICT_PROTOTYPES = YES;
				CLANG_WARN_SUSPICIOUS_MOVE = YES;
				CLANG_WARN_UNGUARDED_AVAILABILITY = YES_AGGRESSIVE;
				CLANG_WARN_UNREACHABLE_CODE = YES;
				CLANG_WARN__DUPLICATE_METHOD_MATCH = YES;
				COPY_PHASE_STRIP = NO;
				DEBUG_INFORMATION_FORMAT = dwarf;
				ENABLE_STRICT_OBJC_MSGSEND = YES;
				ENABLE_TESTABILITY = YES;
				GCC_C_LANGUAGE_STANDARD = gnu11;
				GCC_DYNAMIC_NO_PIC = NO;
				GCC_NO_COMMON_BLOCKS = YES;
				GCC_OPTIMIZATION_LEVEL = 0;
				GCC_PREPROCESSOR_DEFINITIONS = (
					"DEBUG=1",
					"$(inherited)",
				);
				GCC_WARN_64_TO_32_BIT_CONVERSION = YES;
				GCC_WARN_ABOUT_RETURN_TYPE = YES_ERROR;
				GCC_WARN_UNDECLARED_SELECTOR = YES;
				GCC_WARN_UNINITIALIZED_AUTOS = YES_AGGRESSIVE;
				GCC_WARN_UNUSED_FUNCTION = YES;
				GCC_WARN_UNUSED_VARIABLE = YES;
				IPHONEOS_DEPLOYMENT_TARGET = 16.2;
				MTL_ENABLE_DEBUG_INFO = INCLUDE_SOURCE;
				MTL_FAST_MATH = YES;
				ONLY_ACTIVE_ARCH = YES;
				SDKROOT = iphoneos;
				SWIFT_ACTIVE_COMPILATION_CONDITIONS = DEBUG;
				SWIFT_OPTIMIZATION_LEVEL = "-Onone";
			};
			name = Debug;
		};
		316CC4DF2982ACEA00FF8DF2 /* Release */ = {
			isa = XCBuildConfiguration;
			buildSettings = {
				ALWAYS_SEARCH_USER_PATHS = NO;
				CLANG_ANALYZER_NONNULL = YES;
				CLANG_ANALYZER_NUMBER_OBJECT_CONVERSION = YES_AGGRESSIVE;
				CLANG_CXX_LANGUAGE_STANDARD = "gnu++20";
				CLANG_ENABLE_MODULES = YES;
				CLANG_ENABLE_OBJC_ARC = YES;
				CLANG_ENABLE_OBJC_WEAK = YES;
				CLANG_WARN_BLOCK_CAPTURE_AUTORELEASING = YES;
				CLANG_WARN_BOOL_CONVERSION = YES;
				CLANG_WARN_COMMA = YES;
				CLANG_WARN_CONSTANT_CONVERSION = YES;
				CLANG_WARN_DEPRECATED_OBJC_IMPLEMENTATIONS = YES;
				CLANG_WARN_DIRECT_OBJC_ISA_USAGE = YES_ERROR;
				CLANG_WARN_DOCUMENTATION_COMMENTS = YES;
				CLANG_WARN_EMPTY_BODY = YES;
				CLANG_WARN_ENUM_CONVERSION = YES;
				CLANG_WARN_INFINITE_RECURSION = YES;
				CLANG_WARN_INT_CONVERSION = YES;
				CLANG_WARN_NON_LITERAL_NULL_CONVERSION = YES;
				CLANG_WARN_OBJC_IMPLICIT_RETAIN_SELF = YES;
				CLANG_WARN_OBJC_LITERAL_CONVERSION = YES;
				CLANG_WARN_OBJC_ROOT_CLASS = YES_ERROR;
				CLANG_WARN_QUOTED_INCLUDE_IN_FRAMEWORK_HEADER = YES;
				CLANG_WARN_RANGE_LOOP_ANALYSIS = YES;
				CLANG_WARN_STRICT_PROTOTYPES = YES;
				CLANG_WARN_SUSPICIOUS_MOVE = YES;
				CLANG_WARN_UNGUARDED_AVAILABILITY = YES_AGGRESSIVE;
				CLANG_WARN_UNREACHABLE_CODE = YES;
				CLANG_WARN__DUPLICATE_METHOD_MATCH = YES;
				COPY_PHASE_STRIP = NO;
				DEBUG_INFORMATION_FORMAT = "dwarf-with-dsym";
				ENABLE_NS_ASSERTIONS = NO;
				ENABLE_STRICT_OBJC_MSGSEND = YES;
				GCC_C_LANGUAGE_STANDARD = gnu11;
				GCC_NO_COMMON_BLOCKS = YES;
				GCC_WARN_64_TO_32_BIT_CONVERSION = YES;
				GCC_WARN_ABOUT_RETURN_TYPE = YES_ERROR;
				GCC_WARN_UNDECLARED_SELECTOR = YES;
				GCC_WARN_UNINITIALIZED_AUTOS = YES_AGGRESSIVE;
				GCC_WARN_UNUSED_FUNCTION = YES;
				GCC_WARN_UNUSED_VARIABLE = YES;
				IPHONEOS_DEPLOYMENT_TARGET = 16.2;
				MTL_ENABLE_DEBUG_INFO = NO;
				MTL_FAST_MATH = YES;
				SDKROOT = iphoneos;
				SWIFT_COMPILATION_MODE = wholemodule;
				SWIFT_OPTIMIZATION_LEVEL = "-O";
				VALIDATE_PRODUCT = YES;
			};
			name = Release;
		};
		316CC4E12982ACEA00FF8DF2 /* Debug */ = {
			isa = XCBuildConfiguration;
			buildSettings = {
				ASSETCATALOG_COMPILER_APPICON_NAME = AppIcon;
				ASSETCATALOG_COMPILER_GLOBAL_ACCENT_COLOR_NAME = AccentColor;
				CODE_SIGN_STYLE = Automatic;
				CURRENT_PROJECT_VERSION = 1;
				GENERATE_INFOPLIST_FILE = YES;
				INFOPLIST_FILE = FireStore_Rx_Example/Info.plist;
				INFOPLIST_KEY_UIApplicationSupportsIndirectInputEvents = YES;
				INFOPLIST_KEY_UILaunchStoryboardName = LaunchScreen;
				INFOPLIST_KEY_UIMainStoryboardFile = Main;
				INFOPLIST_KEY_UISupportedInterfaceOrientations_iPad = "UIInterfaceOrientationPortrait UIInterfaceOrientationPortraitUpsideDown UIInterfaceOrientationLandscapeLeft UIInterfaceOrientationLandscapeRight";
				INFOPLIST_KEY_UISupportedInterfaceOrientations_iPhone = "UIInterfaceOrientationPortrait UIInterfaceOrientationLandscapeLeft UIInterfaceOrientationLandscapeRight";
				LD_RUNPATH_SEARCH_PATHS = (
					"$(inherited)",
					"@executable_path/Frameworks",
				);
				MARKETING_VERSION = 1.0;
				PRODUCT_BUNDLE_IDENTIFIER = .net.deskplate;
				PRODUCT_NAME = "$(TARGET_NAME)";
				SWIFT_EMIT_LOC_STRINGS = YES;
				SWIFT_VERSION = 5.0;
				TARGETED_DEVICE_FAMILY = "1,2";
			};
			name = Debug;
		};
		316CC4E22982ACEA00FF8DF2 /* Release */ = {
			isa = XCBuildConfiguration;
			buildSettings = {
				ASSETCATALOG_COMPILER_APPICON_NAME = AppIcon;
				ASSETCATALOG_COMPILER_GLOBAL_ACCENT_COLOR_NAME = AccentColor;
				CODE_SIGN_STYLE = Automatic;
				CURRENT_PROJECT_VERSION = 1;
				GENERATE_INFOPLIST_FILE = YES;
				INFOPLIST_FILE = FireStore_Rx_Example/Info.plist;
				INFOPLIST_KEY_UIApplicationSupportsIndirectInputEvents = YES;
				INFOPLIST_KEY_UILaunchStoryboardName = LaunchScreen;
				INFOPLIST_KEY_UIMainStoryboardFile = Main;
				INFOPLIST_KEY_UISupportedInterfaceOrientations_iPad = "UIInterfaceOrientationPortrait UIInterfaceOrientationPortraitUpsideDown UIInterfaceOrientationLandscapeLeft UIInterfaceOrientationLandscapeRight";
				INFOPLIST_KEY_UISupportedInterfaceOrientations_iPhone = "UIInterfaceOrientationPortrait UIInterfaceOrientationLandscapeLeft UIInterfaceOrientationLandscapeRight";
				LD_RUNPATH_SEARCH_PATHS = (
					"$(inherited)",
					"@executable_path/Frameworks",
				);
				MARKETING_VERSION = 1.0;
				PRODUCT_BUNDLE_IDENTIFIER = .net.deskplate;
				PRODUCT_NAME = "$(TARGET_NAME)";
				SWIFT_EMIT_LOC_STRINGS = YES;
				SWIFT_VERSION = 5.0;
				TARGETED_DEVICE_FAMILY = "1,2";
			};
			name = Release;
		};
/* End XCBuildConfiguration section */

/* Begin XCConfigurationList section */
		311B45992F2EF27D00F40E3C /* Build configuration list for PBXNativeTarget "FireStore_Rx_ExampleTests" */ = {
			isa = XCConfigurationList;
			buildConfigurations = (
				311B459A2F2EF27D00F40E3C /* Debug */,
				311B459B2F2EF27D00F40E3C /* Release */,
			);
			defaultConfigurationIsVisible = 0;
			defaultConfigurationName = Release;
		};
		316CC4C72982ACE800FF8DF2 /* Build configuration list for PBXProject "FireStore_Rx_Example" */ = {
			isa = XCConfigurationList;
			buildConfigurations = (
				316CC4DE2982ACEA00FF8DF2 /* Debug */,
				316CC4DF2982ACEA00FF8DF2 /* Release */,
			);
			defaultConfigurationIsVisible = 0;
			defaultConfigurationName = Release;
		};
		316CC4E02982ACEA00FF8DF2 /* Build configuration list for PBXNativeTarget "FireStore_Rx_Example" */ = {
			isa = XCConfigurationList;
			buildConfigurations = (
				316CC4E12982ACEA00FF8DF2 /* Debug */,
				316CC4E22982ACEA00FF8DF2 /* Release */,
			);
			defaultConfigurationIsVisible = 0;
			defaultConfigurationName = Release;
		};
/* End XCConfigurationList section */

/* Begin XCRemoteSwiftPackageReference section */
		31D4D9262F24FFDC00267C28 /* XCRemoteSwiftPackageReference "firebase-ios-sdk" */ = {
			isa = XCRemoteSwiftPackageReference;
			repositoryURL = "https://github.com/firebase/firebase-ios-sdk";
			requirement = {
				kind = upToNextMajorVersion;
				minimumVersion = 12.8.0;
			};
		};
		31D4D9272F24FFE700267C28 /* XCRemoteSwiftPackageReference "NSObject-Rx" */ = {
			isa = XCRemoteSwiftPackageReference;
			repositoryURL = "https://github.com/RxSwiftCommunity/NSObject-Rx";
			requirement = {
				kind = upToNextMajorVersion;
				minimumVersion = 5.2.2;
			};
		};
		31D4D92A2F24FFF200267C28 /* XCRemoteSwiftPackageReference "RxSwift" */ = {
			isa = XCRemoteSwiftPackageReference;
			repositoryURL = "https://github.com/ReactiveX/RxSwift";
			requirement = {
				kind = upToNextMajorVersion;
				minimumVersion = 6.10.0;
			};
		};
/* End XCRemoteSwiftPackageReference section */

/* Begin XCSwiftPackageProductDependency section */
		311B45C62F2EF47C00F40E3C /* RxTest */ = {
			isa = XCSwiftPackageProductDependency;
			package = 31D4D92A2F24FFF200267C28 /* XCRemoteSwiftPackageReference "RxSwift" */;
			productName = RxTest;
		};
		31D4D9282F24FFE700267C28 /* NSObject-Rx */ = {
			isa = XCSwiftPackageProductDependency;
			package = 31D4D9272F24FFE700267C28 /* XCRemoteSwiftPackageReference "NSObject-Rx" */;
			productName = "NSObject-Rx";
		};
		31D4D9ED2F2500FA00267C28 /* FirebaseCore */ = {
			isa = XCSwiftPackageProductDependency;
			package = 31D4D9262F24FFDC00267C28 /* XCRemoteSwiftPackageReference "firebase-ios-sdk" */;
			productName = FirebaseCore;
		};
		31D4D9EF2F2500FE00267C28 /* FirebaseFirestore */ = {
			isa = XCSwiftPackageProductDependency;
			package = 31D4D9262F24FFDC00267C28 /* XCRemoteSwiftPackageReference "firebase-ios-sdk" */;
			productName = FirebaseFirestore;
		};
		31D4D9F12F25010E00267C28 /* RxCocoa */ = {
			isa = XCSwiftPackageProductDependency;
			package = 31D4D92A2F24FFF200267C28 /* XCRemoteSwiftPackageReference "RxSwift" */;
			productName = RxCocoa;
		};
/* End XCSwiftPackageProductDependency section */
	};
	rootObject = 316CC4C42982ACE800FF8DF2 /* Project object */;
}
