// !$*UTF8*$!
{
	archiveVersion = 1;
	classes = {
	};
	objectVersion = 56;
	objects = {

/* Begin PBXBuildFile section */
		2FE852751EEC3445694D0745 /* Pods_FireStore_Rx_Example.framework in Frameworks */ = {isa = PBXBuildFile; fileRef = 65899DEBD71A70A08D04E65C /* Pods_FireStore_Rx_Example.framework */; };
		316CC4D02982ACE800FF8DF2 /* AppDelegate.swift in Sources */ = {isa = PBXBuildFile; fileRef = 316CC4CF2982ACE800FF8DF2 /* AppDelegate.swift */; };
		316CC4D22982ACE800FF8DF2 /* SceneDelegate.swift in Sources */ = {isa = PBXBuildFile; fileRef = 316CC4D12982ACE800FF8DF2 /* SceneDelegate.swift */; };
		316CC4D42982ACE800FF8DF2 /* ViewController.swift in Sources */ = {isa = PBXBuildFile; fileRef = 316CC4D32982ACE800FF8DF2 /* ViewController.swift */; };
		316CC4D72982ACE800FF8DF2 /* Main.storyboard in Resources */ = {isa = PBXBuildFile; fileRef = 316CC4D52982ACE800FF8DF2 /* Main.storyboard */; };
		316CC4D92982ACEA00FF8DF2 /* Assets.xcassets in Resources */ = {isa = PBXBuildFile; fileRef = 316CC4D82982ACEA00FF8DF2 /* Assets.xcassets */; };
		316CC4DC2982ACEA00FF8DF2 /* LaunchScreen.storyboard in Resources */ = {isa = PBXBuildFile; fileRef = 316CC4DA2982ACEA00FF8DF2 /* LaunchScreen.storyboard */; };
		316CC4E42982B22300FF8DF2 /* GoogleService-Info.plist in Resources */ = {isa = PBXBuildFile; fileRef = 316CC4E32982B22200FF8DF2 /* GoogleService-Info.plist */; };
		316CC4E92982B30100FF8DF2 /* CategoryList.swift in Sources */ = {isa = PBXBuildFile; fileRef = 316CC4E62982B30000FF8DF2 /* CategoryList.swift */; };
		316CC4EA2982B30100FF8DF2 /* Category.swift in Sources */ = {isa = PBXBuildFile; fileRef = 316CC4E72982B30000FF8DF2 /* Category.swift */; };
		316CC4EB2982B30100FF8DF2 /* CategoryListItem.swift in Sources */ = {isa = PBXBuildFile; fileRef = 316CC4E82982B30000FF8DF2 /* CategoryListItem.swift */; };
		316CC4EE2982B45200FF8DF2 /* FirebaseCommon.swift in Sources */ = {isa = PBXBuildFile; fileRef = 316CC4ED2982B45200FF8DF2 /* FirebaseCommon.swift */; };
		316CC4F72982BD4B00FF8DF2 /* SharedSequence.swift in Sources */ = {isa = PBXBuildFile; fileRef = 316CC4F02982BD4B00FF8DF2 /* SharedSequence.swift */; };
		316CC4FD2982BD4B00FF8DF2 /* ObservableConvertibleType.swift in Sources */ = {isa = PBXBuildFile; fileRef = 316CC4F62982BD4B00FF8DF2 /* ObservableConvertibleType.swift */; };
/* End PBXBuildFile section */

/* Begin PBXFileReference section */
		316CC4CC2982ACE800FF8DF2 /* FireStore_Rx_Example.app */ = {isa = PBXFileReference; explicitFileType = wrapper.application; includeInIndex = 0; path = FireStore_Rx_Example.app; sourceTree = BUILT_PRODUCTS_DIR; };
		316CC4CF2982ACE800FF8DF2 /* AppDelegate.swift */ = {isa = PBXFileReference; lastKnownFileType = sourcecode.swift; path = AppDelegate.swift; sourceTree = "<group>"; };
		316CC4D12982ACE800FF8DF2 /* SceneDelegate.swift */ = {isa = PBXFileReference; lastKnownFileType = sourcecode.swift; path = SceneDelegate.swift; sourceTree = "<group>"; };
		316CC4D32982ACE800FF8DF2 /* ViewController.swift */ = {isa = PBXFileReference; lastKnownFileType = sourcecode.swift; path = ViewController.swift; sourceTree = "<group>"; };
		316CC4D62982ACE800FF8DF2 /* Base */ = {isa = PBXFileReference; lastKnownFileType = file.storyboard; name = Base; path = Base.lproj/Main.storyboard; sourceTree = "<group>"; };
		316CC4D82982ACEA00FF8DF2 /* Assets.xcassets */ = {isa = PBXFileReference; lastKnownFileType = folder.assetcatalog; path = Assets.xcassets; sourceTree = "<group>"; };
		316CC4DB2982ACEA00FF8DF2 /* Base */ = {isa = PBXFileReference; lastKnownFileType = file.storyboard; name = Base; path = Base.lproj/LaunchScreen.storyboard; sourceTree = "<group>"; };
		316CC4DD2982ACEA00FF8DF2 /* Info.plist */ = {isa = PBXFileReference; lastKnownFileType = text.plist.xml; path = Info.plist; sourceTree = "<group>"; };
		316CC4E32982B22200FF8DF2 /* GoogleService-Info.plist */ = {isa = PBXFileReference; fileEncoding = 4; lastKnownFileType = text.plist.xml; path = "GoogleService-Info.plist"; sourceTree = "<group>"; };
		316CC4E62982B30000FF8DF2 /* CategoryList.swift */ = {isa = PBXFileReference; fileEncoding = 4; lastKnownFileType = sourcecode.swift; path = CategoryList.swift; sourceTree = "<group>"; };
		316CC4E72982B30000FF8DF2 /* Category.swift */ = {isa = PBXFileReference; fileEncoding = 4; lastKnownFileType = sourcecode.swift; path = Category.swift; sourceTree = "<group>"; };
		316CC4E82982B30000FF8DF2 /* CategoryListItem.swift */ = {isa = PBXFileReference; fileEncoding = 4; lastKnownFileType = sourcecode.swift; path = CategoryListItem.swift; sourceTree = "<group>"; };
		316CC4ED2982B45200FF8DF2 /* FirebaseCommon.swift */ = {isa = PBXFileReference; fileEncoding = 4; lastKnownFileType = sourcecode.swift; path = FirebaseCommon.swift; sourceTree = "<group>"; };
		316CC4F02982BD4B00FF8DF2 /* SharedSequence.swift */ = {isa = PBXFileReference; fileEncoding = 4; lastKnownFileType = sourcecode.swift; path = SharedSequence.swift; sourceTree = "<group>"; };
		316CC4F62982BD4B00FF8DF2 /* ObservableConvertibleType.swift */ = {isa = PBXFileReference; fileEncoding = 4; lastKnownFileType = sourcecode.swift; path = ObservableConvertibleType.swift; sourceTree = "<group>"; };
		52349A2DDE8227070673321C /* Pods-FireStore_Rx_Example.release.xcconfig */ = {isa = PBXFileReference; includeInIndex = 1; lastKnownFileType = text.xcconfig; name = "Pods-FireStore_Rx_Example.release.xcconfig"; path = "Target Support Files/Pods-FireStore_Rx_Example/Pods-FireStore_Rx_Example.release.xcconfig"; sourceTree = "<group>"; };
		65899DEBD71A70A08D04E65C /* Pods_FireStore_Rx_Example.framework */ = {isa = PBXFileReference; explicitFileType = wrapper.framework; includeInIndex = 0; path = Pods_FireStore_Rx_Example.framework; sourceTree = BUILT_PRODUCTS_DIR; };
		837D7836AA0ED5C78BBF6242 /* Pods-FireStore_Rx_Example.debug.xcconfig */ = {isa = PBXFileReference; includeInIndex = 1; lastKnownFileType = text.xcconfig; name = "Pods-FireStore_Rx_Example.debug.xcconfig"; path = "Target Support Files/Pods-FireStore_Rx_Example/Pods-FireStore_Rx_Example.debug.xcconfig"; sourceTree = "<group>"; };
/* End PBXFileReference section */

/* Begin PBXFrameworksBuildPhase section */
		316CC4C92982ACE800FF8DF2 /* Frameworks */ = {
			isa = PBXFrameworksBuildPhase;
			buildActionMask = 2147483647;
			files = (
				2FE852751EEC3445694D0745 /* Pods_FireStore_Rx_Example.framework in Frameworks */,
			);
			runOnlyForDeploymentPostprocessing = 0;
		};
/* End PBXFrameworksBuildPhase section */

/* Begin PBXGroup section */
		316CC4C32982ACE800FF8DF2 = {
			isa = PBXGroup;
			children = (
				316CC4CE2982ACE800FF8DF2 /* FireStore_Rx_Example */,
				316CC4CD2982ACE800FF8DF2 /* Products */,
				797F64157B4F613D8EB9D883 /* Pods */,
				804269E612D72D7820481D21 /* Frameworks */,
			);
			sourceTree = "<group>";
		};
		316CC4CD2982ACE800FF8DF2 /* Products */ = {
			isa = PBXGroup;
			children = (
				316CC4CC2982ACE800FF8DF2 /* FireStore_Rx_Example.app */,
			);
			name = Products;
			sourceTree = "<group>";
		};
		316CC4CE2982ACE800FF8DF2 /* FireStore_Rx_Example */ = {
			isa = PBXGroup;
			children = (
				316CC4EC2982B45200FF8DF2 /* Common */,
				316CC4E52982B30000FF8DF2 /* Models */,
				316CC4EF2982BD4B00FF8DF2 /* Extensions */,
				316CC4E32982B22200FF8DF2 /* GoogleService-Info.plist */,
				316CC4CF2982ACE800FF8DF2 /* AppDelegate.swift */,
				316CC4D12982ACE800FF8DF2 /* SceneDelegate.swift */,
				316CC4D32982ACE800FF8DF2 /* ViewController.swift */,
				316CC4D52982ACE800FF8DF2 /* Main.storyboard */,
				316CC4D82982ACEA00FF8DF2 /* Assets.xcassets */,
				316CC4DA2982ACEA00FF8DF2 /* LaunchScreen.storyboard */,
				316CC4DD2982ACEA00FF8DF2 /* Info.plist */,
			);
			path = FireStore_Rx_Example;
			sourceTree = "<group>";
		};
		316CC4E52982B30000FF8DF2 /* Models */ = {
			isa = PBXGroup;
			children = (
				316CC4E62982B30000FF8DF2 /* CategoryList.swift */,
				316CC4E72982B30000FF8DF2 /* Category.swift */,
				316CC4E82982B30000FF8DF2 /* CategoryListItem.swift */,
			);
			path = Models;
			sourceTree = "<group>";
		};
		316CC4EC2982B45200FF8DF2 /* Common */ = {
			isa = PBXGroup;
			children = (
				316CC4ED2982B45200FF8DF2 /* FirebaseCommon.swift */,
			);
			path = Common;
			sourceTree = "<group>";
		};
		316CC4EF2982BD4B00FF8DF2 /* Extensions */ = {
			isa = PBXGroup;
			children = (
				316CC4F02982BD4B00FF8DF2 /* SharedSequence.swift */,
				316CC4F62982BD4B00FF8DF2 /* ObservableConvertibleType.swift */,
			);
			path = Extensions;
			sourceTree = "<group>";
		};
		797F64157B4F613D8EB9D883 /* Pods */ = {
			isa = PBXGroup;
			children = (
				837D7836AA0ED5C78BBF6242 /* Pods-FireStore_Rx_Example.debug.xcconfig */,
				52349A2DDE8227070673321C /* Pods-FireStore_Rx_Example.release.xcconfig */,
			);
			path = Pods;
			sourceTree = "<group>";
		};
		804269E612D72D7820481D21 /* Frameworks */ = {
			isa = PBXGroup;
			children = (
				65899DEBD71A70A08D04E65C /* Pods_FireStore_Rx_Example.framework */,
			);
			name = Frameworks;
			sourceTree = "<group>";
		};
/* End PBXGroup section */

/* Begin PBXNativeTarget section */
		316CC4CB2982ACE800FF8DF2 /* FireStore_Rx_Example */ = {
			isa = PBXNativeTarget;
			buildConfigurationList = 316CC4E02982ACEA00FF8DF2 /* Build configuration list for PBXNativeTarget "FireStore_Rx_Example" */;
			buildPhases = (
				EF18FB861EC87CCBE8BFE826 /* [CP] Check Pods Manifest.lock */,
				316CC4C82982ACE800FF8DF2 /* Sources */,
				316CC4C92982ACE800FF8DF2 /* Frameworks */,
				316CC4CA2982ACE800FF8DF2 /* Resources */,
				8A39FFE35B8B6F803A9FF00A /* [CP] Embed Pods Frameworks */,
			);
			buildRules = (
			);
			dependencies = (
			);
			name = FireStore_Rx_Example;
			productName = FireStore_Rx_Example;
			productReference = 316CC4CC2982ACE800FF8DF2 /* FireStore_Rx_Example.app */;
			productType = "com.apple.product-type.application";
		};
/* End PBXNativeTarget section */

/* Begin PBXProject section */
		316CC4C42982ACE800FF8DF2 /* Project object */ = {
			isa = PBXProject;
			attributes = {
				BuildIndependentTargetsInParallel = 1;
				LastSwiftUpdateCheck = 1420;
				LastUpgradeCheck = 1420;
				TargetAttributes = {
					316CC4CB2982ACE800FF8DF2 = {
						CreatedOnToolsVersion = 14.2;
					};
				};
			};
			buildConfigurationList = 316CC4C72982ACE800FF8DF2 /* Build configuration list for PBXProject "FireStore_Rx_Example" */;
			compatibilityVersion = "Xcode 14.0";
			developmentRegion = en;
			hasScannedForEncodings = 0;
			knownRegions = (
				en,
				Base,
			);
			mainGroup = 316CC4C32982ACE800FF8DF2;
			productRefGroup = 316CC4CD2982ACE800FF8DF2 /* Products */;
			projectDirPath = "";
			projectRoot = "";
			targets = (
				316CC4CB2982ACE800FF8DF2 /* FireStore_Rx_Example */,
			);
		};
/* End PBXProject section */

/* Begin PBXResourcesBuildPhase section */
		316CC4CA2982ACE800FF8DF2 /* Resources */ = {
			isa = PBXResourcesBuildPhase;
			buildActionMask = 2147483647;
			files = (
				316CC4DC2982ACEA00FF8DF2 /* LaunchScreen.storyboard in Resources */,
				316CC4E42982B22300FF8DF2 /* GoogleService-Info.plist in Resources */,
				316CC4D92982ACEA00FF8DF2 /* Assets.xcassets in Resources */,
				316CC4D72982ACE800FF8DF2 /* Main.storyboard in Resources */,
			);
			runOnlyForDeploymentPostprocessing = 0;
		};
/* End PBXResourcesBuildPhase section */

/* Begin PBXShellScriptBuildPhase section */
		8A39FFE35B8B6F803A9FF00A /* [CP] Embed Pods Frameworks */ = {
			isa = PBXShellScriptBuildPhase;
			buildActionMask = 2147483647;
			files = (
			);
			inputFileListPaths = (
				"${PODS_ROOT}/Target Support Files/Pods-FireStore_Rx_Example/Pods-FireStore_Rx_Example-frameworks-${CONFIGURATION}-input-files.xcfilelist",
			);
			name = "[CP] Embed Pods Frameworks";
			outputFileListPaths = (
				"${PODS_ROOT}/Target Support Files/Pods-FireStore_Rx_Example/Pods-FireStore_Rx_Example-frameworks-${CONFIGURATION}-output-files.xcfilelist",
			);
			runOnlyForDeploymentPostprocessing = 0;
			shellPath = /bin/sh;
			shellScript = "\"${PODS_ROOT}/Target Support Files/Pods-FireStore_Rx_Example/Pods-FireStore_Rx_Example-frameworks.sh\"\n";
			showEnvVarsInLog = 0;
		};
		EF18FB861EC87CCBE8BFE826 /* [CP] Check Pods Manifest.lock */ = {
			isa = PBXShellScriptBuildPhase;
			buildActionMask = 2147483647;
			files = (
			);
			inputFileListPaths = (
			);
			inputPaths = (
				"${PODS_PODFILE_DIR_PATH}/Podfile.lock",
				"${PODS_ROOT}/Manifest.lock",
			);
			name = "[CP] Check Pods Manifest.lock";
			outputFileListPaths = (
			);
			outputPaths = (
				"$(DERIVED_FILE_DIR)/Pods-FireStore_Rx_Example-checkManifestLockResult.txt",
			);
			runOnlyForDeploymentPostprocessing = 0;
			shellPath = /bin/sh;
			shellScript = "diff \"${PODS_PODFILE_DIR_PATH}/Podfile.lock\" \"${PODS_ROOT}/Manifest.lock\" > /dev/null\nif [ $? != 0 ] ; then\n    # print error to STDERR\n    echo \"error: The sandbox is not in sync with the Podfile.lock. Run 'pod install' or update your CocoaPods installation.\" >&2\n    exit 1\nfi\n# This output is used by Xcode 'outputs' to avoid re-running this script phase.\necho \"SUCCESS\" > \"${SCRIPT_OUTPUT_FILE_0}\"\n";
			showEnvVarsInLog = 0;
		};
/* End PBXShellScriptBuildPhase section */

/* Begin PBXSourcesBuildPhase section */
		316CC4C82982ACE800FF8DF2 /* Sources */ = {
			isa = PBXSourcesBuildPhase;
			buildActionMask = 2147483647;
			files = (
				316CC4EB2982B30100FF8DF2 /* CategoryListItem.swift in Sources */,
				316CC4D42982ACE800FF8DF2 /* ViewController.swift in Sources */,
				316CC4EA2982B30100FF8DF2 /* Category.swift in Sources */,
				316CC4D02982ACE800FF8DF2 /* AppDelegate.swift in Sources */,
				316CC4EE2982B45200FF8DF2 /* FirebaseCommon.swift in Sources */,
				316CC4FD2982BD4B00FF8DF2 /* ObservableConvertibleType.swift in Sources */,
				316CC4D22982ACE800FF8DF2 /* SceneDelegate.swift in Sources */,
				316CC4E92982B30100FF8DF2 /* CategoryList.swift in Sources */,
				316CC4F72982BD4B00FF8DF2 /* SharedSequence.swift in Sources */,
			);
			runOnlyForDeploymentPostprocessing = 0;
		};
/* End PBXSourcesBuildPhase section */

/* Begin PBXVariantGroup section */
		316CC4D52982ACE800FF8DF2 /* Main.storyboard */ = {
			isa = PBXVariantGroup;
			children = (
				316CC4D62982ACE800FF8DF2 /* Base */,
			);
			name = Main.storyboard;
			sourceTree = "<group>";
		};
		316CC4DA2982ACEA00FF8DF2 /* LaunchScreen.storyboard */ = {
			isa = PBXVariantGroup;
			children = (
				316CC4DB2982ACEA00FF8DF2 /* Base */,
			);
			name = LaunchScreen.storyboard;
			sourceTree = "<group>";
		};
/* End PBXVariantGroup section */

/* Begin XCBuildConfiguration section */
		316CC4DE2982ACEA00FF8DF2 /* Debug */ = {
			isa = XCBuildConfiguration;
			buildSettings = {
				ALWAYS_SEARCH_USER_PATHS = NO;
				CLANG_ANALYZER_NONNULL = YES;
				CLANG_ANALYZER_NUMBER_OBJECT_CONVERSION = YES_AGGRESSIVE;
				CLANG_CXX_LANGUAGE_STANDARD = "gnu++20";
				CLANG_ENABLE_MODULES = YES;
				CLANG_ENABLE_OBJC_ARC = YES;
				CLANG_ENABLE_OBJC_WEAK = YES;
				CLANG_WARN_BLOCK_CAPTURE_AUTORELEASING = YES;
				CLANG_WARN_BOOL_CONVERSION = YES;
				CLANG_WARN_COMMA = YES;
				CLANG_WARN_CONSTANT_CONVERSION = YES;
				CLANG_WARN_DEPRECATED_OBJC_IMPLEMENTATIONS = YES;
				CLANG_WARN_DIRECT_OBJC_ISA_USAGE = YES_ERROR;
				CLANG_WARN_DOCUMENTATION_COMMENTS = YES;
				CLANG_WARN_EMPTY_BODY = YES;
				CLANG_WARN_ENUM_CONVERSION = YES;
				CLANG_WARN_INFINITE_RECURSION = YES;
				CLANG_WARN_INT_CONVERSION = YES;
				CLANG_WARN_NON_LITERAL_NULL_CONVERSION = YES;
				CLANG_WARN_OBJC_IMPLICIT_RETAIN_SELF = YES;
				CLANG_WARN_OBJC_LITERAL_CONVERSION = YES;
				CLANG_WARN_OBJC_ROOT_CLASS = YES_ERROR;
				CLANG_WARN_QUOTED_INCLUDE_IN_FRAMEWORK_HEADER = YES;
				CLANG_WARN_RANGE_LOOP_ANALYSIS = YES;
				CLANG_WARN_STRICT_PROTOTYPES = YES;
				CLANG_WARN_SUSPICIOUS_MOVE = YES;
				CLANG_WARN_UNGUARDED_AVAILABILITY = YES_AGGRESSIVE;
				CLANG_WARN_UNREACHABLE_CODE = YES;
				CLANG_WARN__DUPLICATE_METHOD_MATCH = YES;
				COPY_PHASE_STRIP = NO;
				DEBUG_INFORMATION_FORMAT = dwarf;
				ENABLE_STRICT_OBJC_MSGSEND = YES;
				ENABLE_TESTABILITY = YES;
				GCC_C_LANGUAGE_STANDARD = gnu11;
				GCC_DYNAMIC_NO_PIC = NO;
				GCC_NO_COMMON_BLOCKS = YES;
				GCC_OPTIMIZATION_LEVEL = 0;
				GCC_PREPROCESSOR_DEFINITIONS = (
					"DEBUG=1",
					"$(inherited)",
				);
				GCC_WARN_64_TO_32_BIT_CONVERSION = YES;
				GCC_WARN_ABOUT_RETURN_TYPE = YES_ERROR;
				GCC_WARN_UNDECLARED_SELECTOR = YES;
				GCC_WARN_UNINITIALIZED_AUTOS = YES_AGGRESSIVE;
				GCC_WARN_UNUSED_FUNCTION = YES;
				GCC_WARN_UNUSED_VARIABLE = YES;
				IPHONEOS_DEPLOYMENT_TARGET = 16.2;
				MTL_ENABLE_DEBUG_INFO = INCLUDE_SOURCE;
				MTL_FAST_MATH = YES;
				ONLY_ACTIVE_ARCH = YES;
				SDKROOT = iphoneos;
				SWIFT_ACTIVE_COMPILATION_CONDITIONS = DEBUG;
				SWIFT_OPTIMIZATION_LEVEL = "-Onone";
			};
			name = Debug;
		};
		316CC4DF2982ACEA00FF8DF2 /* Release */ = {
			isa = XCBuildConfiguration;
			buildSettings = {
				ALWAYS_SEARCH_USER_PATHS = NO;
				CLANG_ANALYZER_NONNULL = YES;
				CLANG_ANALYZER_NUMBER_OBJECT_CONVERSION = YES_AGGRESSIVE;
				CLANG_CXX_LANGUAGE_STANDARD = "gnu++20";
				CLANG_ENABLE_MODULES = YES;
				CLANG_ENABLE_OBJC_ARC = YES;
				CLANG_ENABLE_OBJC_WEAK = YES;
				CLANG_WARN_BLOCK_CAPTURE_AUTORELEASING = YES;
				CLANG_WARN_BOOL_CONVERSION = YES;
				CLANG_WARN_COMMA = YES;
				CLANG_WARN_CONSTANT_CONVERSION = YES;
				CLANG_WARN_DEPRECATED_OBJC_IMPLEMENTATIONS = YES;
				CLANG_WARN_DIRECT_OBJC_ISA_USAGE = YES_ERROR;
				CLANG_WARN_DOCUMENTATION_COMMENTS = YES;
				CLANG_WARN_EMPTY_BODY = YES;
				CLANG_WARN_ENUM_CONVERSION = YES;
				CLANG_WARN_INFINITE_RECURSION = YES;
				CLANG_WARN_INT_CONVERSION = YES;
				CLANG_WARN_NON_LITERAL_NULL_CONVERSION = YES;
				CLANG_WARN_OBJC_IMPLICIT_RETAIN_SELF = YES;
				CLANG_WARN_OBJC_LITERAL_CONVERSION = YES;
				CLANG_WARN_OBJC_ROOT_CLASS = YES_ERROR;
				CLANG_WARN_QUOTED_INCLUDE_IN_FRAMEWORK_HEADER = YES;
				CLANG_WARN_RANGE_LOOP_ANALYSIS = YES;
				CLANG_WARN_STRICT_PROTOTYPES = YES;
				CLANG_WARN_SUSPICIOUS_MOVE = YES;
				CLANG_WARN_UNGUARDED_AVAILABILITY = YES_AGGRESSIVE;
				CLANG_WARN_UNREACHABLE_CODE = YES;
				CLANG_WARN__DUPLICATE_METHOD_MATCH = YES;
				COPY_PHASE_STRIP = NO;
				DEBUG_INFORMATION_FORMAT = "dwarf-with-dsym";
				ENABLE_NS_ASSERTIONS = NO;
				ENABLE_STRICT_OBJC_MSGSEND = YES;
				GCC_C_LANGUAGE_STANDARD = gnu11;
				GCC_NO_COMMON_BLOCKS = YES;
				GCC_WARN_64_TO_32_BIT_CONVERSION = YES;
				GCC_WARN_ABOUT_RETURN_TYPE = YES_ERROR;
				GCC_WARN_UNDECLARED_SELECTOR = YES;
				GCC_WARN_UNINITIALIZED_AUTOS = YES_AGGRESSIVE;
				GCC_WARN_UNUSED_FUNCTION = YES;
				GCC_WARN_UNUSED_VARIABLE = YES;
				IPHONEOS_DEPLOYMENT_TARGET = 16.2;
				MTL_ENABLE_DEBUG_INFO = NO;
				MTL_FAST_MATH = YES;
				SDKROOT = iphoneos;
				SWIFT_COMPILATION_MODE = wholemodule;
				SWIFT_OPTIMIZATION_LEVEL = "-O";
				VALIDATE_PRODUCT = YES;
			};
			name = Release;
		};
		316CC4E12982ACEA00FF8DF2 /* Debug */ = {
			isa = XCBuildConfiguration;
			baseConfigurationReference = 837D7836AA0ED5C78BBF6242 /* Pods-FireStore_Rx_Example.debug.xcconfig */;
			buildSettings = {
				ASSETCATALOG_COMPILER_APPICON_NAME = AppIcon;
				ASSETCATALOG_COMPILER_GLOBAL_ACCENT_COLOR_NAME = AccentColor;
				CODE_SIGN_STYLE = Automatic;
				CURRENT_PROJECT_VERSION = 1;
				GENERATE_INFOPLIST_FILE = YES;
				INFOPLIST_FILE = FireStore_Rx_Example/Info.plist;
				INFOPLIST_KEY_UIApplicationSupportsIndirectInputEvents = YES;
				INFOPLIST_KEY_UILaunchStoryboardName = LaunchScreen;
				INFOPLIST_KEY_UIMainStoryboardFile = Main;
				INFOPLIST_KEY_UISupportedInterfaceOrientations_iPad = "UIInterfaceOrientationPortrait UIInterfaceOrientationPortraitUpsideDown UIInterfaceOrientationLandscapeLeft UIInterfaceOrientationLandscapeRight";
				INFOPLIST_KEY_UISupportedInterfaceOrientations_iPhone = "UIInterfaceOrientationPortrait UIInterfaceOrientationLandscapeLeft UIInterfaceOrientationLandscapeRight";
				LD_RUNPATH_SEARCH_PATHS = (
					"$(inherited)",
					"@executable_path/Frameworks",
				);
				MARKETING_VERSION = 1.0;
				PRODUCT_BUNDLE_IDENTIFIER = .net.deskplate;
				PRODUCT_NAME = "$(TARGET_NAME)";
				SWIFT_EMIT_LOC_STRINGS = YES;
				SWIFT_VERSION = 5.0;
				TARGETED_DEVICE_FAMILY = "1,2";
			};
			name = Debug;
		};
		316CC4E22982ACEA00FF8DF2 /* Release */ = {
			isa = XCBuildConfiguration;
			baseConfigurationReference = 52349A2DDE8227070673321C /* Pods-FireStore_Rx_Example.release.xcconfig */;
			buildSettings = {
				ASSETCATALOG_COMPILER_APPICON_NAME = AppIcon;
				ASSETCATALOG_COMPILER_GLOBAL_ACCENT_COLOR_NAME = AccentColor;
				CODE_SIGN_STYLE = Automatic;
				CURRENT_PROJECT_VERSION = 1;
				GENERATE_INFOPLIST_FILE = YES;
				INFOPLIST_FILE = FireStore_Rx_Example/Info.plist;
				INFOPLIST_KEY_UIApplicationSupportsIndirectInputEvents = YES;
				INFOPLIST_KEY_UILaunchStoryboardName = LaunchScreen;
				INFOPLIST_KEY_UIMainStoryboardFile = Main;
				INFOPLIST_KEY_UISupportedInterfaceOrientations_iPad = "UIInterfaceOrientationPortrait UIInterfaceOrientationPortraitUpsideDown UIInterfaceOrientationLandscapeLeft UIInterfaceOrientationLandscapeRight";
				INFOPLIST_KEY_UISupportedInterfaceOrientations_iPhone = "UIInterfaceOrientationPortrait UIInterfaceOrientationLandscapeLeft UIInterfaceOrientationLandscapeRight";
				LD_RUNPATH_SEARCH_PATHS = (
					"$(inherited)",
					"@executable_path/Frameworks",
				);
				MARKETING_VERSION = 1.0;
				PRODUCT_BUNDLE_IDENTIFIER = .net.deskplate;
				PRODUCT_NAME = "$(TARGET_NAME)";
				SWIFT_EMIT_LOC_STRINGS = YES;
				SWIFT_VERSION = 5.0;
				TARGETED_DEVICE_FAMILY = "1,2";
			};
			name = Release;
		};
/* End XCBuildConfiguration section */

/* Begin XCConfigurationList section */
		316CC4C72982ACE800FF8DF2 /* Build configuration list for PBXProject "FireStore_Rx_Example" */ = {
			isa = XCConfigurationList;
			buildConfigurations = (
				316CC4DE2982ACEA00FF8DF2 /* Debug */,
				316CC4DF2982ACEA00FF8DF2 /* Release */,
			);
			defaultConfigurationIsVisible = 0;
			defaultConfigurationName = Release;
		};
		316CC4E02982ACEA00FF8DF2 /* Build configuration list for PBXNativeTarget "FireStore_Rx_Example" */ = {
			isa = XCConfigurationList;
			buildConfigurations = (
				316CC4E12982ACEA00FF8DF2 /* Debug */,
				316CC4E22982ACEA00FF8DF2 /* Release */,
			);
			defaultConfigurationIsVisible = 0;
			defaultConfigurationName = Release;
		};
/* End XCConfigurationList section */
	};
	rootObject = 316CC4C42982ACE800FF8DF2 /* Project object */;
}
